
Microsoft Visual Studio Solution File, Format Version 12.00
# Visual Studio Version 17
VisualStudioVersion = 17.2.32602.215
MinimumVisualStudioVersion = 10.0.40219.1
Project("{FAE04EC0-301F-11D3-BF4B-00C04F79EFBC}") = "CodeFirstYaklisimi", "CodeFirstYaklisimi\CodeFirstYaklisimi.csproj", "{011084B8-A6DC-4CCD-A222-C13E67D56569}"
EndProject
Global
	GlobalSection(SolutionConfigurationPlatforms) = preSolution
		Debug|Any CPU = Debug|Any CPU
		Release|Any CPU = Release|Any CPU
	EndGlobalSection
	GlobalSection(ProjectConfigurationPlatforms) = postSolution
		{011084B8-A6DC-4CCD-A222-C13E67D56569}.Debug|Any CPU.ActiveCfg = Debug|Any CPU
		{011084B8-A6DC-4CCD-A222-C13E67D56569}.Debug|Any CPU.Build.0 = Debug|Any CPU
		{011084B8-A6DC-4CCD-A222-C13E67D56569}.Release|Any CPU.ActiveCfg = Release|Any CPU
		{011084B8-A6DC-4CCD-A222-C13E67D56569}.Release|Any CPU.Build.0 = Release|Any CPU
	EndGlobalSection
	GlobalSection(SolutionProperties) = preSolution
		HideSolutionNode = FALSE
	EndGlobalSection
	GlobalSection(ExtensibilityGlobals) = postSolution
		SolutionGuid = {B3AF35F1-A602-4445-8D69-1DC63FB08839}
	EndGlobalSection
EndGlobal
